
Microsoft Visual Studio Solution File, Format Version 12.00
# Visual Studio 2015
Project("{FAE04EC0-301F-11D3-BF4B-00C04F79EFBC}") = "TaoJumper2D.CSharp", "TaoJumper2D.CSharp.csproj", "{CAEF75BA-6C2E-D826-DA71-8463EB988C52}"
EndProject
Global
	GlobalSection(SolutionConfigurationPlatforms) = preSolution
		Debug|Any CPU = Debug|Any CPU
		Release|Any CPU = Release|Any CPU
	EndGlobalSection
	GlobalSection(ProjectConfigurationPlatforms) = postSolution
		{CAEF75BA-6C2E-D826-DA71-8463EB988C52}.Debug|Any CPU.ActiveCfg = Debug|Any CPU
		{CAEF75BA-6C2E-D826-DA71-8463EB988C52}.Debug|Any CPU.Build.0 = Debug|Any CPU
		{CAEF75BA-6C2E-D826-DA71-8463EB988C52}.Release|Any CPU.ActiveCfg = Release|Any CPU
		{CAEF75BA-6C2E-D826-DA71-8463EB988C52}.Release|Any CPU.Build.0 = Release|Any CPU
	EndGlobalSection
	GlobalSection(SolutionProperties) = preSolution
		HideSolutionNode = FALSE
	EndGlobalSection
EndGlobal
