
Microsoft Visual Studio Solution File, Format Version 12.00
# Visual Studio 2015
Project("{FAE04EC0-301F-11D3-BF4B-00C04F79EFBC}") = "TaoJumper2D - Version_2.CSharp", "TaoJumper2D - Version_2.CSharp.csproj", "{B98F6C17-957C-AB22-E744-1F5B8B514F0C}"
EndProject
Global
	GlobalSection(SolutionConfigurationPlatforms) = preSolution
		Debug|Any CPU = Debug|Any CPU
		Release|Any CPU = Release|Any CPU
	EndGlobalSection
	GlobalSection(ProjectConfigurationPlatforms) = postSolution
		{B98F6C17-957C-AB22-E744-1F5B8B514F0C}.Debug|Any CPU.ActiveCfg = Debug|Any CPU
		{B98F6C17-957C-AB22-E744-1F5B8B514F0C}.Debug|Any CPU.Build.0 = Debug|Any CPU
		{B98F6C17-957C-AB22-E744-1F5B8B514F0C}.Release|Any CPU.ActiveCfg = Release|Any CPU
		{B98F6C17-957C-AB22-E744-1F5B8B514F0C}.Release|Any CPU.Build.0 = Release|Any CPU
	EndGlobalSection
	GlobalSection(SolutionProperties) = preSolution
		HideSolutionNode = FALSE
	EndGlobalSection
EndGlobal
